
Microsoft Visual Studio Solution File, Format Version 12.00
# Visual Studio Version 17
VisualStudioVersion = 17.3.32922.545
MinimumVisualStudioVersion = 10.0.40219.1
Project("{FAE04EC0-301F-11D3-BF4B-00C04F79EFBC}") = "Moga_Raluca_Lab1", "Moga_Raluca_Lab1.csproj", "{35827205-2DDB-44EE-B6AE-B2ADB619C654}"
EndProject
Global
	GlobalSection(SolutionConfigurationPlatforms) = preSolution
		Debug|Any CPU = Debug|Any CPU
		Release|Any CPU = Release|Any CPU
	EndGlobalSection
	GlobalSection(ProjectConfigurationPlatforms) = postSolution
		{35827205-2DDB-44EE-B6AE-B2ADB619C654}.Debug|Any CPU.ActiveCfg = Debug|Any CPU
		{35827205-2DDB-44EE-B6AE-B2ADB619C654}.Debug|Any CPU.Build.0 = Debug|Any CPU
		{35827205-2DDB-44EE-B6AE-B2ADB619C654}.Release|Any CPU.ActiveCfg = Release|Any CPU
		{35827205-2DDB-44EE-B6AE-B2ADB619C654}.Release|Any CPU.Build.0 = Release|Any CPU
	EndGlobalSection
	GlobalSection(SolutionProperties) = preSolution
		HideSolutionNode = FALSE
	EndGlobalSection
	GlobalSection(ExtensibilityGlobals) = postSolution
		SolutionGuid = {6F45FAD4-62A3-47A6-85A1-CE89A31A8976}
	EndGlobalSection
EndGlobal
